github.com/lib/pq v1.10.9 h1:YXG7RB+JIjhP29X+OtkiDnYaXQwpS4JEWq7dtCCRUEw=
github.com/lib/pq v1.10.9/go.mod h1:AlVN5x4E4T544tWzH6hKfbfQvm3HdbOxrmggDNAPY9o=
schneider.vip/retryspool/storage/data v0.0.2 h1:+fIua47xbpMzOvHsFR4vvHXVaU/43xsPKMNMuIR7Zh0=
schneider.vip/retryspool/storage/data v0.0.2/go.mod h1:vav/CfpCM6nxcuRy+SFp9wU26jAHi5Z/r1sBCgO/cZA=
schneider.vip/retryspool/storage/data v0.0.3 h1:xCxyGQ9uYcb4C7eF3xt96Y8kegexZE4cwhkJnsA2SXQ=
schneider.vip/retryspool/storage/data v0.0.3/go.mod h1:vav/CfpCM6nxcuRy+SFp9wU26jAHi5Z/r1sBCgO/cZA=
